
Microsoft Visual Studio Solution File, Format Version 12.00
# Visual Studio Version 17
VisualStudioVersion = 17.12.35323.107
MinimumVisualStudioVersion = 10.0.40219.1
Project("{FAE04EC0-301F-11D3-BF4B-00C04F79EFBC}") = "DrivingSchoolBookingSystem", "DrivingSchoolBookingSystem.csproj", "{3CA5BB77-2556-470B-8174-B02623B17109}"
EndProject
Global
	GlobalSection(SolutionConfigurationPlatforms) = preSolution
		Debug|Any CPU = Debug|Any CPU
		Release|Any CPU = Release|Any CPU
	EndGlobalSection
	GlobalSection(ProjectConfigurationPlatforms) = postSolution
		{3CA5BB77-2556-470B-8174-B02623B17109}.Debug|Any CPU.ActiveCfg = Debug|Any CPU
		{3CA5BB77-2556-470B-8174-B02623B17109}.Debug|Any CPU.Build.0 = Debug|Any CPU
		{3CA5BB77-2556-470B-8174-B02623B17109}.Release|Any CPU.ActiveCfg = Release|Any CPU
		{3CA5BB77-2556-470B-8174-B02623B17109}.Release|Any CPU.Build.0 = Release|Any CPU
	EndGlobalSection
	GlobalSection(SolutionProperties) = preSolution
		HideSolutionNode = FALSE
	EndGlobalSection
	GlobalSection(ExtensibilityGlobals) = postSolution
		SolutionGuid = {F12BD06F-F01E-4CC5-9D66-84799931A9B5}
	EndGlobalSection
EndGlobal
