
Microsoft Visual Studio Solution File, Format Version 12.00
# Visual Studio Version 17
VisualStudioVersion = 17.12.35323.107
MinimumVisualStudioVersion = 10.0.40219.1
Project("{FAE04EC0-301F-11D3-BF4B-00C04F79EFBC}") = "ISTN3ASMajorProject", "ISTN3ASMajorProject.csproj", "{B6790EF3-7462-4E70-9A3A-6FF61D3ED45A}"
EndProject
Global
	GlobalSection(SolutionConfigurationPlatforms) = preSolution
		Debug|Any CPU = Debug|Any CPU
		Release|Any CPU = Release|Any CPU
	EndGlobalSection
	GlobalSection(ProjectConfigurationPlatforms) = postSolution
		{B6790EF3-7462-4E70-9A3A-6FF61D3ED45A}.Debug|Any CPU.ActiveCfg = Debug|Any CPU
		{B6790EF3-7462-4E70-9A3A-6FF61D3ED45A}.Debug|Any CPU.Build.0 = Debug|Any CPU
		{B6790EF3-7462-4E70-9A3A-6FF61D3ED45A}.Release|Any CPU.ActiveCfg = Release|Any CPU
		{B6790EF3-7462-4E70-9A3A-6FF61D3ED45A}.Release|Any CPU.Build.0 = Release|Any CPU
	EndGlobalSection
	GlobalSection(SolutionProperties) = preSolution
		HideSolutionNode = FALSE
	EndGlobalSection
	GlobalSection(ExtensibilityGlobals) = postSolution
		SolutionGuid = {C7EF8039-AF47-4CAC-866B-DCB87091C0E7}
	EndGlobalSection
EndGlobal
