
Microsoft Visual Studio Solution File, Format Version 12.00
# Visual Studio Version 17
VisualStudioVersion = 17.14.36414.22 d17.14
MinimumVisualStudioVersion = 10.0.40219.1
Project("{FAE04EC0-301F-11D3-BF4B-00C04F79EFBC}") = "DrivingSchoolWebsite", "DrivingSchoolWebsite.csproj", "{6C3C0BA4-3C0F-4BB7-A81E-70CD23CBF64E}"
EndProject
Global
	GlobalSection(SolutionConfigurationPlatforms) = preSolution
		Debug|Any CPU = Debug|Any CPU
		Release|Any CPU = Release|Any CPU
	EndGlobalSection
	GlobalSection(ProjectConfigurationPlatforms) = postSolution
		{6C3C0BA4-3C0F-4BB7-A81E-70CD23CBF64E}.Debug|Any CPU.ActiveCfg = Debug|Any CPU
		{6C3C0BA4-3C0F-4BB7-A81E-70CD23CBF64E}.Debug|Any CPU.Build.0 = Debug|Any CPU
		{6C3C0BA4-3C0F-4BB7-A81E-70CD23CBF64E}.Release|Any CPU.ActiveCfg = Release|Any CPU
		{6C3C0BA4-3C0F-4BB7-A81E-70CD23CBF64E}.Release|Any CPU.Build.0 = Release|Any CPU
	EndGlobalSection
	GlobalSection(SolutionProperties) = preSolution
		HideSolutionNode = FALSE
	EndGlobalSection
	GlobalSection(ExtensibilityGlobals) = postSolution
		SolutionGuid = {E303E859-FD24-475A-94FF-789650CCFA5D}
	EndGlobalSection
EndGlobal
